
Microsoft Visual Studio Solution File, Format Version 12.00
# Visual Studio Version 17
VisualStudioVersion = 17.14.36109.1 d17.14
MinimumVisualStudioVersion = 10.0.40219.1
Project("{FAE04EC0-301F-11D3-BF4B-00C04F79EFBC}") = "HospitalAPI.API", "HospitalAPI.API\HospitalAPI.API.csproj", "{162F36D2-D7DF-47F0-A875-9E69FB52FA42}"
EndProject
Project("{FAE04EC0-301F-11D3-BF4B-00C04F79EFBC}") = "HospitalAPI.Application", "HospitalAPI.Application\HospitalAPI.Application.csproj", "{298CE44B-F089-4C96-9633-24BC7DC4229E}"
EndProject
Project("{FAE04EC0-301F-11D3-BF4B-00C04F79EFBC}") = "HospitalAPI.Domain", "HospitalAPI.Domain\HospitalAPI.Domain.csproj", "{FE6C1DBC-D85D-4E37-BFDE-D999666116E1}"
EndProject
Project("{FAE04EC0-301F-11D3-BF4B-00C04F79EFBC}") = "HospitalAPI.Infrastructure", "HospitalAPI.Infrastructure\HospitalAPI.Infrastructure.csproj", "{ECCB0106-B2F5-4174-A86D-38ECFF4547AD}"
EndProject
Global
	GlobalSection(SolutionConfigurationPlatforms) = preSolution
		Debug|Any CPU = Debug|Any CPU
		Release|Any CPU = Release|Any CPU
	EndGlobalSection
	GlobalSection(ProjectConfigurationPlatforms) = postSolution
		{162F36D2-D7DF-47F0-A875-9E69FB52FA42}.Debug|Any CPU.ActiveCfg = Debug|Any CPU
		{162F36D2-D7DF-47F0-A875-9E69FB52FA42}.Debug|Any CPU.Build.0 = Debug|Any CPU
		{162F36D2-D7DF-47F0-A875-9E69FB52FA42}.Release|Any CPU.ActiveCfg = Release|Any CPU
		{162F36D2-D7DF-47F0-A875-9E69FB52FA42}.Release|Any CPU.Build.0 = Release|Any CPU
		{298CE44B-F089-4C96-9633-24BC7DC4229E}.Debug|Any CPU.ActiveCfg = Debug|Any CPU
		{298CE44B-F089-4C96-9633-24BC7DC4229E}.Debug|Any CPU.Build.0 = Debug|Any CPU
		{298CE44B-F089-4C96-9633-24BC7DC4229E}.Release|Any CPU.ActiveCfg = Release|Any CPU
		{298CE44B-F089-4C96-9633-24BC7DC4229E}.Release|Any CPU.Build.0 = Release|Any CPU
		{FE6C1DBC-D85D-4E37-BFDE-D999666116E1}.Debug|Any CPU.ActiveCfg = Debug|Any CPU
		{FE6C1DBC-D85D-4E37-BFDE-D999666116E1}.Debug|Any CPU.Build.0 = Debug|Any CPU
		{FE6C1DBC-D85D-4E37-BFDE-D999666116E1}.Release|Any CPU.ActiveCfg = Release|Any CPU
		{FE6C1DBC-D85D-4E37-BFDE-D999666116E1}.Release|Any CPU.Build.0 = Release|Any CPU
		{ECCB0106-B2F5-4174-A86D-38ECFF4547AD}.Debug|Any CPU.ActiveCfg = Debug|Any CPU
		{ECCB0106-B2F5-4174-A86D-38ECFF4547AD}.Debug|Any CPU.Build.0 = Debug|Any CPU
		{ECCB0106-B2F5-4174-A86D-38ECFF4547AD}.Release|Any CPU.ActiveCfg = Release|Any CPU
		{ECCB0106-B2F5-4174-A86D-38ECFF4547AD}.Release|Any CPU.Build.0 = Release|Any CPU
	EndGlobalSection
	GlobalSection(SolutionProperties) = preSolution
		HideSolutionNode = FALSE
	EndGlobalSection
	GlobalSection(ExtensibilityGlobals) = postSolution
		SolutionGuid = {EF8DBA4B-6DD5-4049-BE9A-8C6E00BC71BB}
	EndGlobalSection
EndGlobal
